<?xml version="1.0" encoding="UTF-8" standalone="yes" ?>
<CodeBlocks_project_file>
	<FileVersion major="1" minor="6" />
	<Project>
		<Option title="TESPolymorphism" />
		<Option pch_mode="2" />
		<Option compiler="gcc" />
		<Build>
			<Target title="Debug">
				<Option output="bin/Debug/TESPolymorphism" prefix_auto="1" extension_auto="1" />
				<Option object_output="obj/Debug/" />
				<Option type="1" />
				<Option compiler="gcc" />
				<Compiler>
					<Add option="-g" />
					<Add directory="include" />
				</Compiler>
			</Target>
			<Target title="Release">
				<Option output="bin/Release/TESPolymorphism" prefix_auto="1" extension_auto="1" />
				<Option object_output="obj/Release/" />
				<Option type="1" />
				<Option compiler="gcc" />
				<Compiler>
					<Add option="-O2" />
					<Add directory="include" />
				</Compiler>
				<Linker>
					<Add option="-s" />
				</Linker>
			</Target>
		</Build>
		<Compiler>
			<Add option="-Wall" />
			<Add option="-fexceptions" />
		</Compiler>
		<Unit filename="include/Altmer.h" />
		<Unit filename="include/BeastRace.h" />
		<Unit filename="include/Citizen.h" />
		<Unit filename="include/Human.h" />
		<Unit filename="include/Imperial.h" />
		<Unit filename="include/Mer.h" />
		<Unit filename="include/Nord.h" />
		<Unit filename="include/Redguard.h" />
		<Unit filename="main.cpp" />
		<Unit filename="src/Altmer.cpp" />
		<Unit filename="src/BeastRace.cpp" />
		<Unit filename="src/Citizen.cpp" />
		<Unit filename="src/Human.cpp" />
		<Unit filename="src/Imperial.cpp" />
		<Unit filename="src/Mer.cpp" />
		<Unit filename="src/Nord.cpp" />
		<Unit filename="src/Redguard.cpp" />
		<Extensions>
			<code_completion />
			<envvars />
			<debugger />
			<lib_finder disable_auto="1" />
		</Extensions>
	</Project>
</CodeBlocks_project_file>
